
Microsoft Visual Studio Solution File, Format Version 12.00
# Visual Studio Version 17
VisualStudioVersion = 17.9.34728.123
MinimumVisualStudioVersion = 10.0.40219.1
Project("{FAE04EC0-301F-11D3-BF4B-00C04F79EFBC}") = "TripSystemApp", "TripSystemApp\TripSystemApp.csproj", "{A734A76F-BA97-453A-9E46-D6296A21680B}"
EndProject
Project("{FAE04EC0-301F-11D3-BF4B-00C04F79EFBC}") = "TripSystemAppTests", "TripSystemAppTests\TripSystemAppTests.csproj", "{87C86732-E22A-44AD-B7E4-DC813900CE1B}"
EndProject
Global
	GlobalSection(SolutionConfigurationPlatforms) = preSolution
		Debug|Any CPU = Debug|Any CPU
		Release|Any CPU = Release|Any CPU
	EndGlobalSection
	GlobalSection(ProjectConfigurationPlatforms) = postSolution
		{A734A76F-BA97-453A-9E46-D6296A21680B}.Debug|Any CPU.ActiveCfg = Debug|Any CPU
		{A734A76F-BA97-453A-9E46-D6296A21680B}.Debug|Any CPU.Build.0 = Debug|Any CPU
		{A734A76F-BA97-453A-9E46-D6296A21680B}.Release|Any CPU.ActiveCfg = Release|Any CPU
		{A734A76F-BA97-453A-9E46-D6296A21680B}.Release|Any CPU.Build.0 = Release|Any CPU
		{87C86732-E22A-44AD-B7E4-DC813900CE1B}.Debug|Any CPU.ActiveCfg = Debug|Any CPU
		{87C86732-E22A-44AD-B7E4-DC813900CE1B}.Debug|Any CPU.Build.0 = Debug|Any CPU
		{87C86732-E22A-44AD-B7E4-DC813900CE1B}.Release|Any CPU.ActiveCfg = Release|Any CPU
		{87C86732-E22A-44AD-B7E4-DC813900CE1B}.Release|Any CPU.Build.0 = Release|Any CPU
	EndGlobalSection
	GlobalSection(SolutionProperties) = preSolution
		HideSolutionNode = FALSE
	EndGlobalSection
	GlobalSection(ExtensibilityGlobals) = postSolution
		SolutionGuid = {A914CB9F-4F0B-47D6-9CAA-801FF0358D1F}
	EndGlobalSection
EndGlobal
